// !$*UTF8*$!
{
	archiveVersion = 1;
	classes = {
	};
	objectVersion = 50;
	objects = {

/* Begin PBXBuildFile section */
		35F405E424FCDA18007C7FED /* AppDelegate.swift in Sources */ = {isa = PBXBuildFile; fileRef = 35F405E324FCDA18007C7FED /* AppDelegate.swift */; };
		35F405ED24FCDA1C007C7FED /* Assets.xcassets in Resources */ = {isa = PBXBuildFile; fileRef = 35F405EC24FCDA1C007C7FED /* Assets.xcassets */; };
		35F405F024FCDA1C007C7FED /* LaunchScreen.storyboard in Resources */ = {isa = PBXBuildFile; fileRef = 35F405EE24FCDA1C007C7FED /* LaunchScreen.storyboard */; };
		35F405FD24FCDAF9007C7FED /* MainController.swift in Sources */ = {isa = PBXBuildFile; fileRef = 35F405FC24FCDAF9007C7FED /* MainController.swift */; };
		35F405FF24FCDE9D007C7FED /* Main.storyboard in Resources */ = {isa = PBXBuildFile; fileRef = 35F405FE24FCDE9D007C7FED /* Main.storyboard */; };
		35F4060224FCEBD6007C7FED /* Extensions.swift in Sources */ = {isa = PBXBuildFile; fileRef = 35F4060124FCEBD6007C7FED /* Extensions.swift */; };
/* End PBXBuildFile section */

/* Begin PBXFileReference section */
		35F405E024FCDA18007C7FED /* WallPaint.app */ = {isa = PBXFileReference; explicitFileType = wrapper.application; includeInIndex = 0; path = WallPaint.app; sourceTree = BUILT_PRODUCTS_DIR; };
		35F405E324FCDA18007C7FED /* AppDelegate.swift */ = {isa = PBXFileReference; lastKnownFileType = sourcecode.swift; path = AppDelegate.swift; sourceTree = "<group>"; };
		35F405EC24FCDA1C007C7FED /* Assets.xcassets */ = {isa = PBXFileReference; lastKnownFileType = folder.assetcatalog; path = Assets.xcassets; sourceTree = "<group>"; };
		35F405EF24FCDA1C007C7FED /* Base */ = {isa = PBXFileReference; lastKnownFileType = file.storyboard; name = Base; path = Base.lproj/LaunchScreen.storyboard; sourceTree = "<group>"; };
		35F405F124FCDA1C007C7FED /* Info.plist */ = {isa = PBXFileReference; lastKnownFileType = text.plist.xml; path = Info.plist; sourceTree = "<group>"; };
		35F405FC24FCDAF9007C7FED /* MainController.swift */ = {isa = PBXFileReference; lastKnownFileType = sourcecode.swift; path = MainController.swift; sourceTree = "<group>"; };
		35F405FE24FCDE9D007C7FED /* Main.storyboard */ = {isa = PBXFileReference; fileEncoding = 4; lastKnownFileType = file.storyboard; path = Main.storyboard; sourceTree = "<group>"; };
		35F4060124FCEBD6007C7FED /* Extensions.swift */ = {isa = PBXFileReference; lastKnownFileType = sourcecode.swift; path = Extensions.swift; sourceTree = "<group>"; };
/* End PBXFileReference section */

/* Begin PBXFrameworksBuildPhase section */
		35F405DD24FCDA18007C7FED /* Frameworks */ = {
			isa = PBXFrameworksBuildPhase;
			buildActionMask = 2147483647;
			files = (
			);
			runOnlyForDeploymentPostprocessing = 0;
		};
/* End PBXFrameworksBuildPhase section */

/* Begin PBXGroup section */
		35F405D724FCDA18007C7FED = {
			isa = PBXGroup;
			children = (
				35F405E224FCDA18007C7FED /* WallPaint */,
				35F405E124FCDA18007C7FED /* Products */,
			);
			sourceTree = "<group>";
		};
		35F405E124FCDA18007C7FED /* Products */ = {
			isa = PBXGroup;
			children = (
				35F405E024FCDA18007C7FED /* WallPaint.app */,
			);
			name = Products;
			sourceTree = "<group>";
		};
		35F405E224FCDA18007C7FED /* WallPaint */ = {
			isa = PBXGroup;
			children = (
				35F405F924FCDA8B007C7FED /* Controller */,
				35F4060024FCEBB8007C7FED /* Utils */,
				35F405E324FCDA18007C7FED /* AppDelegate.swift */,
				35F405EC24FCDA1C007C7FED /* Assets.xcassets */,
				35F405EE24FCDA1C007C7FED /* LaunchScreen.storyboard */,
				35F405FE24FCDE9D007C7FED /* Main.storyboard */,
				35F405F124FCDA1C007C7FED /* Info.plist */,
			);
			path = WallPaint;
			sourceTree = "<group>";
		};
		35F405F924FCDA8B007C7FED /* Controller */ = {
			isa = PBXGroup;
			children = (
				35F405FC24FCDAF9007C7FED /* MainController.swift */,
			);
			path = Controller;
			sourceTree = "<group>";
		};
		35F4060024FCEBB8007C7FED /* Utils */ = {
			isa = PBXGroup;
			children = (
				35F4060124FCEBD6007C7FED /* Extensions.swift */,
			);
			path = Utils;
			sourceTree = "<group>";
		};
/* End PBXGroup section */

/* Begin PBXNativeTarget section */
		35F405DF24FCDA18007C7FED /* WallPaint */ = {
			isa = PBXNativeTarget;
			buildConfigurationList = 35F405F424FCDA1C007C7FED /* Build configuration list for PBXNativeTarget "WallPaint" */;
			buildPhases = (
				35F405DC24FCDA18007C7FED /* Sources */,
				35F405DD24FCDA18007C7FED /* Frameworks */,
				35F405DE24FCDA18007C7FED /* Resources */,
			);
			buildRules = (
			);
			dependencies = (
			);
			name = WallPaint;
			productName = WallPaint;
			productReference = 35F405E024FCDA18007C7FED /* WallPaint.app */;
			productType = "com.apple.product-type.application";
		};
/* End PBXNativeTarget section */

/* Begin PBXProject section */
		35F405D824FCDA18007C7FED /* Project object */ = {
			isa = PBXProject;
			attributes = {
				LastSwiftUpdateCheck = 1160;
				LastUpgradeCheck = 1160;
				ORGANIZATIONNAME = "Shrey Gupta";
				TargetAttributes = {
					35F405DF24FCDA18007C7FED = {
						CreatedOnToolsVersion = 11.6;
					};
				};
			};
			buildConfigurationList = 35F405DB24FCDA18007C7FED /* Build configuration list for PBXProject "WallPaint" */;
			compatibilityVersion = "Xcode 9.3";
			developmentRegion = en;
			hasScannedForEncodings = 0;
			knownRegions = (
				en,
				Base,
			);
			mainGroup = 35F405D724FCDA18007C7FED;
			productRefGroup = 35F405E124FCDA18007C7FED /* Products */;
			projectDirPath = "";
			projectRoot = "";
			targets = (
				35F405DF24FCDA18007C7FED /* WallPaint */,
			);
		};
/* End PBXProject section */

/* Begin PBXResourcesBuildPhase section */
		35F405DE24FCDA18007C7FED /* Resources */ = {
			isa = PBXResourcesBuildPhase;
			buildActionMask = 2147483647;
			files = (
				35F405FF24FCDE9D007C7FED /* Main.storyboard in Resources */,
				35F405F024FCDA1C007C7FED /* LaunchScreen.storyboard in Resources */,
				35F405ED24FCDA1C007C7FED /* Assets.xcassets in Resources */,
			);
			runOnlyForDeploymentPostprocessing = 0;
		};
/* End PBXResourcesBuildPhase section */

/* Begin PBXSourcesBuildPhase section */
		35F405DC24FCDA18007C7FED /* Sources */ = {
			isa = PBXSourcesBuildPhase;
			buildActionMask = 2147483647;
			files = (
				35F405E424FCDA18007C7FED /* AppDelegate.swift in Sources */,
				35F405FD24FCDAF9007C7FED /* MainController.swift in Sources */,
				35F4060224FCEBD6007C7FED /* Extensions.swift in Sources */,
			);
			runOnlyForDeploymentPostprocessing = 0;
		};
/* End PBXSourcesBuildPhase section */

/* Begin PBXVariantGroup section */
		35F405EE24FCDA1C007C7FED /* LaunchScreen.storyboard */ = {
			isa = PBXVariantGroup;
			children = (
				35F405EF24FCDA1C007C7FED /* Base */,
			);
			name = LaunchScreen.storyboard;
			sourceTree = "<group>";
		};
/* End PBXVariantGroup section */

/* Begin XCBuildConfiguration section */
		35F405F224FCDA1C007C7FED /* Debug */ = {
			isa = XCBuildConfiguration;
			buildSettings = {
				ALWAYS_SEARCH_USER_PATHS = NO;
				CLANG_ANALYZER_NONNULL = YES;
				CLANG_ANALYZER_NUMBER_OBJECT_CONVERSION = YES_AGGRESSIVE;
				CLANG_CXX_LANGUAGE_STANDARD = "gnu++14";
				CLANG_CXX_LIBRARY = "libc++";
				CLANG_ENABLE_MODULES = YES;
				CLANG_ENABLE_OBJC_ARC = YES;
				CLANG_ENABLE_OBJC_WEAK = YES;
				CLANG_WARN_BLOCK_CAPTURE_AUTORELEASING = YES;
				CLANG_WARN_BOOL_CONVERSION = YES;
				CLANG_WARN_COMMA = YES;
				CLANG_WARN_CONSTANT_CONVERSION = YES;
				CLANG_WARN_DEPRECATED_OBJC_IMPLEMENTATIONS = YES;
				CLANG_WARN_DIRECT_OBJC_ISA_USAGE = YES_ERROR;
				CLANG_WARN_DOCUMENTATION_COMMENTS = YES;
				CLANG_WARN_EMPTY_BODY = YES;
				CLANG_WARN_ENUM_CONVERSION = YES;
				CLANG_WARN_INFINITE_RECURSION = YES;
				CLANG_WARN_INT_CONVERSION = YES;
				CLANG_WARN_NON_LITERAL_NULL_CONVERSION = YES;
				CLANG_WARN_OBJC_IMPLICIT_RETAIN_SELF = YES;
				CLANG_WARN_OBJC_LITERAL_CONVERSION = YES;
				CLANG_WARN_OBJC_ROOT_CLASS = YES_ERROR;
				CLANG_WARN_RANGE_LOOP_ANALYSIS = YES;
				CLANG_WARN_STRICT_PROTOTYPES = YES;
				CLANG_WARN_SUSPICIOUS_MOVE = YES;
				CLANG_WARN_UNGUARDED_AVAILABILITY = YES_AGGRESSIVE;
				CLANG_WARN_UNREACHABLE_CODE = YES;
				CLANG_WARN__DUPLICATE_METHOD_MATCH = YES;
				COPY_PHASE_STRIP = NO;
				DEBUG_INFORMATION_FORMAT = dwarf;
				ENABLE_STRICT_OBJC_MSGSEND = YES;
				ENABLE_TESTABILITY = YES;
				GCC_C_LANGUAGE_STANDARD = gnu11;
				GCC_DYNAMIC_NO_PIC = NO;
				GCC_NO_COMMON_BLOCKS = YES;
				GCC_OPTIMIZATION_LEVEL = 0;
				GCC_PREPROCESSOR_DEFINITIONS = (
					"DEBUG=1",
					"$(inherited)",
				);
				GCC_WARN_64_TO_32_BIT_CONVERSION = YES;
				GCC_WARN_ABOUT_RETURN_TYPE = YES_ERROR;
				GCC_WARN_UNDECLARED_SELECTOR = YES;
				GCC_WARN_UNINITIALIZED_AUTOS = YES_AGGRESSIVE;
				GCC_WARN_UNUSED_FUNCTION = YES;
				GCC_WARN_UNUSED_VARIABLE = YES;
				IPHONEOS_DEPLOYMENT_TARGET = 13.6;
				MTL_ENABLE_DEBUG_INFO = INCLUDE_SOURCE;
				MTL_FAST_MATH = YES;
				ONLY_ACTIVE_ARCH = YES;
				SDKROOT = iphoneos;
				SWIFT_ACTIVE_COMPILATION_CONDITIONS = DEBUG;
				SWIFT_OPTIMIZATION_LEVEL = "-Onone";
			};
			name = Debug;
		};
		35F405F324FCDA1C007C7FED /* Release */ = {
			isa = XCBuildConfiguration;
			buildSettings = {
				ALWAYS_SEARCH_USER_PATHS = NO;
				CLANG_ANALYZER_NONNULL = YES;
				CLANG_ANALYZER_NUMBER_OBJECT_CONVERSION = YES_AGGRESSIVE;
				CLANG_CXX_LANGUAGE_STANDARD = "gnu++14";
				CLANG_CXX_LIBRARY = "libc++";
				CLANG_ENABLE_MODULES = YES;
				CLANG_ENABLE_OBJC_ARC = YES;
				CLANG_ENABLE_OBJC_WEAK = YES;
				CLANG_WARN_BLOCK_CAPTURE_AUTORELEASING = YES;
				CLANG_WARN_BOOL_CONVERSION = YES;
				CLANG_WARN_COMMA = YES;
				CLANG_WARN_CONSTANT_CONVERSION = YES;
				CLANG_WARN_DEPRECATED_OBJC_IMPLEMENTATIONS = YES;
				CLANG_WARN_DIRECT_OBJC_ISA_USAGE = YES_ERROR;
				CLANG_WARN_DOCUMENTATION_COMMENTS = YES;
				CLANG_WARN_EMPTY_BODY = YES;
				CLANG_WARN_ENUM_CONVERSION = YES;
				CLANG_WARN_INFINITE_RECURSION = YES;
				CLANG_WARN_INT_CONVERSION = YES;
				CLANG_WARN_NON_LITERAL_NULL_CONVERSION = YES;
				CLANG_WARN_OBJC_IMPLICIT_RETAIN_SELF = YES;
				CLANG_WARN_OBJC_LITERAL_CONVERSION = YES;
				CLANG_WARN_OBJC_ROOT_CLASS = YES_ERROR;
				CLANG_WARN_RANGE_LOOP_ANALYSIS = YES;
				CLANG_WARN_STRICT_PROTOTYPES = YES;
				CLANG_WARN_SUSPICIOUS_MOVE = YES;
				CLANG_WARN_UNGUARDED_AVAILABILITY = YES_AGGRESSIVE;
				CLANG_WARN_UNREACHABLE_CODE = YES;
				CLANG_WARN__DUPLICATE_METHOD_MATCH = YES;
				COPY_PHASE_STRIP = NO;
				DEBUG_INFORMATION_FORMAT = "dwarf-with-dsym";
				ENABLE_NS_ASSERTIONS = NO;
				ENABLE_STRICT_OBJC_MSGSEND = YES;
				GCC_C_LANGUAGE_STANDARD = gnu11;
				GCC_NO_COMMON_BLOCKS = YES;
				GCC_WARN_64_TO_32_BIT_CONVERSION = YES;
				GCC_WARN_ABOUT_RETURN_TYPE = YES_ERROR;
				GCC_WARN_UNDECLARED_SELECTOR = YES;
				GCC_WARN_UNINITIALIZED_AUTOS = YES_AGGRESSIVE;
				GCC_WARN_UNUSED_FUNCTION = YES;
				GCC_WARN_UNUSED_VARIABLE = YES;
				IPHONEOS_DEPLOYMENT_TARGET = 13.6;
				MTL_ENABLE_DEBUG_INFO = NO;
				MTL_FAST_MATH = YES;
				SDKROOT = iphoneos;
				SWIFT_COMPILATION_MODE = wholemodule;
				SWIFT_OPTIMIZATION_LEVEL = "-O";
				VALIDATE_PRODUCT = YES;
			};
			name = Release;
		};
		35F405F524FCDA1C007C7FED /* Debug */ = {
			isa = XCBuildConfiguration;
			buildSettings = {
				ASSETCATALOG_COMPILER_APPICON_NAME = AppIcon;
				CODE_SIGN_IDENTITY = "iPhone Distribution";
				CODE_SIGN_STYLE = Manual;
				DEVELOPMENT_TEAM = 44ZZF669W5;
				INFOPLIST_FILE = WallPaint/Info.plist;
				IPHONEOS_DEPLOYMENT_TARGET = 12.0;
				LD_RUNPATH_SEARCH_PATHS = (
					"$(inherited)",
					"@executable_path/Frameworks",
				);
				PRODUCT_BUNDLE_IDENTIFIER = com.infoware.paintapptry;
				PRODUCT_NAME = "$(TARGET_NAME)";
				PROVISIONING_PROFILE_SPECIFIER = "paint app try adhoc";
				SWIFT_VERSION = 5.0;
				TARGETED_DEVICE_FAMILY = "1,2";
			};
			name = Debug;
		};
		35F405F624FCDA1C007C7FED /* Release */ = {
			isa = XCBuildConfiguration;
			buildSettings = {
				ASSETCATALOG_COMPILER_APPICON_NAME = AppIcon;
				CODE_SIGN_IDENTITY = "iPhone Distribution";
				CODE_SIGN_STYLE = Manual;
				DEVELOPMENT_TEAM = 44ZZF669W5;
				INFOPLIST_FILE = WallPaint/Info.plist;
				IPHONEOS_DEPLOYMENT_TARGET = 12.0;
				LD_RUNPATH_SEARCH_PATHS = (
					"$(inherited)",
					"@executable_path/Frameworks",
				);
				PRODUCT_BUNDLE_IDENTIFIER = com.infoware.paintapptry;
				PRODUCT_NAME = "$(TARGET_NAME)";
				PROVISIONING_PROFILE_SPECIFIER = "paint app try adhoc";
				SWIFT_VERSION = 5.0;
				TARGETED_DEVICE_FAMILY = "1,2";
			};
			name = Release;
		};
/* End XCBuildConfiguration section */

/* Begin XCConfigurationList section */
		35F405DB24FCDA18007C7FED /* Build configuration list for PBXProject "WallPaint" */ = {
			isa = XCConfigurationList;
			buildConfigurations = (
				35F405F224FCDA1C007C7FED /* Debug */,
				35F405F324FCDA1C007C7FED /* Release */,
			);
			defaultConfigurationIsVisible = 0;
			defaultConfigurationName = Release;
		};
		35F405F424FCDA1C007C7FED /* Build configuration list for PBXNativeTarget "WallPaint" */ = {
			isa = XCConfigurationList;
			buildConfigurations = (
				35F405F524FCDA1C007C7FED /* Debug */,
				35F405F624FCDA1C007C7FED /* Release */,
			);
			defaultConfigurationIsVisible = 0;
			defaultConfigurationName = Release;
		};
/* End XCConfigurationList section */
	};
	rootObject = 35F405D824FCDA18007C7FED /* Project object */;
}
